
Microsoft Visual Studio Solution File, Format Version 12.00
# Visual Studio Version 16
VisualStudioVersion = 16.0.30011.22
MinimumVisualStudioVersion = 10.0.40219.1
Project("{FAE04EC0-301F-11D3-BF4B-00C04F79EFBC}") = "OOP", "OOP.csproj", "{CBA1E648-FEC4-4F8E-A497-1849B00E5866}"
EndProject
Global
	GlobalSection(SolutionConfigurationPlatforms) = preSolution
		Debug|Any CPU = Debug|Any CPU
		Release|Any CPU = Release|Any CPU
	EndGlobalSection
	GlobalSection(ProjectConfigurationPlatforms) = postSolution
		{CBA1E648-FEC4-4F8E-A497-1849B00E5866}.Debug|Any CPU.ActiveCfg = Debug|Any CPU
		{CBA1E648-FEC4-4F8E-A497-1849B00E5866}.Debug|Any CPU.Build.0 = Debug|Any CPU
		{CBA1E648-FEC4-4F8E-A497-1849B00E5866}.Release|Any CPU.ActiveCfg = Release|Any CPU
		{CBA1E648-FEC4-4F8E-A497-1849B00E5866}.Release|Any CPU.Build.0 = Release|Any CPU
	EndGlobalSection
	GlobalSection(SolutionProperties) = preSolution
		HideSolutionNode = FALSE
	EndGlobalSection
	GlobalSection(ExtensibilityGlobals) = postSolution
		SolutionGuid = {50260FB9-6491-4234-8178-8D4A65FF6F0B}
	EndGlobalSection
EndGlobal
